
Microsoft Visual Studio Solution File, Format Version 12.00
# Visual Studio 15
VisualStudioVersion = 15.0.28307.106
MinimumVisualStudioVersion = 10.0.40219.1
Project("{8BC9CEB8-8B4A-11D0-8D11-00A0C91BC942}") = "Heap_for_Finding_Median", "Heap_for_Finding_Median\Heap_for_Finding_Median.vcxproj", "{7DB082C9-221C-4D47-B975-646ED8DAA5DD}"
EndProject
Global
	GlobalSection(SolutionConfigurationPlatforms) = preSolution
		Debug|x64 = Debug|x64
		Debug|x86 = Debug|x86
		Release|x64 = Release|x64
		Release|x86 = Release|x86
	EndGlobalSection
	GlobalSection(ProjectConfigurationPlatforms) = postSolution
		{7DB082C9-221C-4D47-B975-646ED8DAA5DD}.Debug|x64.ActiveCfg = Debug|x64
		{7DB082C9-221C-4D47-B975-646ED8DAA5DD}.Debug|x64.Build.0 = Debug|x64
		{7DB082C9-221C-4D47-B975-646ED8DAA5DD}.Debug|x86.ActiveCfg = Debug|Win32
		{7DB082C9-221C-4D47-B975-646ED8DAA5DD}.Debug|x86.Build.0 = Debug|Win32
		{7DB082C9-221C-4D47-B975-646ED8DAA5DD}.Release|x64.ActiveCfg = Release|x64
		{7DB082C9-221C-4D47-B975-646ED8DAA5DD}.Release|x64.Build.0 = Release|x64
		{7DB082C9-221C-4D47-B975-646ED8DAA5DD}.Release|x86.ActiveCfg = Release|Win32
		{7DB082C9-221C-4D47-B975-646ED8DAA5DD}.Release|x86.Build.0 = Release|Win32
	EndGlobalSection
	GlobalSection(SolutionProperties) = preSolution
		HideSolutionNode = FALSE
	EndGlobalSection
	GlobalSection(ExtensibilityGlobals) = postSolution
		SolutionGuid = {27C223C7-21A2-478C-82D8-25D2FA64AA44}
	EndGlobalSection
EndGlobal
